
Microsoft Visual Studio Solution File, Format Version 12.00
# Visual Studio Version 16
VisualStudioVersion = 16.0.30907.101
MinimumVisualStudioVersion = 10.0.40219.1
Project("{9A19103F-16F7-4668-BE54-9A1E7A4F7556}") = "Day2_Task6", "Day2Task6\Day2_Task6.csproj", "{C16ECA77-4E4E-451C-816D-A699AD07739E}"
EndProject
Project("{9A19103F-16F7-4668-BE54-9A1E7A4F7556}") = "Day3Task", "Day3Task\Day3Task.csproj", "{F8087D67-562D-471B-99BE-04F0A56D1139}"
EndProject
Project("{9A19103F-16F7-4668-BE54-9A1E7A4F7556}") = "Day3_ClassMetotDemo", "ClassMetotDemo\Day3_ClassMetotDemo.csproj", "{B8947F12-1E7B-439B-9C4B-89BCE4CFF148}"
EndProject
Global
	GlobalSection(SolutionConfigurationPlatforms) = preSolution
		Debug|Any CPU = Debug|Any CPU
		Release|Any CPU = Release|Any CPU
	EndGlobalSection
	GlobalSection(ProjectConfigurationPlatforms) = postSolution
		{C16ECA77-4E4E-451C-816D-A699AD07739E}.Debug|Any CPU.ActiveCfg = Debug|Any CPU
		{C16ECA77-4E4E-451C-816D-A699AD07739E}.Debug|Any CPU.Build.0 = Debug|Any CPU
		{C16ECA77-4E4E-451C-816D-A699AD07739E}.Release|Any CPU.ActiveCfg = Release|Any CPU
		{C16ECA77-4E4E-451C-816D-A699AD07739E}.Release|Any CPU.Build.0 = Release|Any CPU
		{F8087D67-562D-471B-99BE-04F0A56D1139}.Debug|Any CPU.ActiveCfg = Debug|Any CPU
		{F8087D67-562D-471B-99BE-04F0A56D1139}.Debug|Any CPU.Build.0 = Debug|Any CPU
		{F8087D67-562D-471B-99BE-04F0A56D1139}.Release|Any CPU.ActiveCfg = Release|Any CPU
		{F8087D67-562D-471B-99BE-04F0A56D1139}.Release|Any CPU.Build.0 = Release|Any CPU
		{B8947F12-1E7B-439B-9C4B-89BCE4CFF148}.Debug|Any CPU.ActiveCfg = Debug|Any CPU
		{B8947F12-1E7B-439B-9C4B-89BCE4CFF148}.Debug|Any CPU.Build.0 = Debug|Any CPU
		{B8947F12-1E7B-439B-9C4B-89BCE4CFF148}.Release|Any CPU.ActiveCfg = Release|Any CPU
		{B8947F12-1E7B-439B-9C4B-89BCE4CFF148}.Release|Any CPU.Build.0 = Release|Any CPU
	EndGlobalSection
	GlobalSection(SolutionProperties) = preSolution
		HideSolutionNode = FALSE
	EndGlobalSection
	GlobalSection(ExtensibilityGlobals) = postSolution
		SolutionGuid = {122D6DF2-E700-4982-BDB7-07083C8517FE}
	EndGlobalSection
EndGlobal
